// !$*UTF8*$!
{
	archiveVersion = 1;
	classes = {
	};
	objectVersion = 50;
	objects = {

/* Begin PBXBuildFile section */
		121D9277235E4BDB006889E4 /* ScoreCell.swift in Sources */ = {isa = PBXBuildFile; fileRef = 121D9276235E4BDB006889E4 /* ScoreCell.swift */; };
		121D927B235E4C4D006889E4 /* ScorecardController.swift in Sources */ = {isa = PBXBuildFile; fileRef = 121D927A235E4C4D006889E4 /* ScorecardController.swift */; };
		1258A1BA23664264003FF88C /* Course.swift in Sources */ = {isa = PBXBuildFile; fileRef = 1258A1B923664264003FF88C /* Course.swift */; };
		1282E9982429163E003E33F1 /* LeaderboardsListController.swift in Sources */ = {isa = PBXBuildFile; fileRef = 1282E9972429163E003E33F1 /* LeaderboardsListController.swift */; };
		1282E99A242917A1003E33F1 /* LeaderboardListing.swift in Sources */ = {isa = PBXBuildFile; fileRef = 1282E999242917A1003E33F1 /* LeaderboardListing.swift */; };
		1282E99C242918C4003E33F1 /* LeaderboardEntry.swift in Sources */ = {isa = PBXBuildFile; fileRef = 1282E99B242918C4003E33F1 /* LeaderboardEntry.swift */; };
		1282E99E24293913003E33F1 /* LeaderboardTableViewCell.swift in Sources */ = {isa = PBXBuildFile; fileRef = 1282E99D24293913003E33F1 /* LeaderboardTableViewCell.swift */; };
		1282E9A024293F0A003E33F1 /* LeaderboardListingTableViewCell.swift in Sources */ = {isa = PBXBuildFile; fileRef = 1282E99F24293F0A003E33F1 /* LeaderboardListingTableViewCell.swift */; };
		1282E9A22429403D003E33F1 /* LeaderboardDetailController.swift in Sources */ = {isa = PBXBuildFile; fileRef = 1282E9A12429403D003E33F1 /* LeaderboardDetailController.swift */; };
		128DC5F8235A0F2B0055B872 /* Player.swift in Sources */ = {isa = PBXBuildFile; fileRef = 128DC5F7235A0F2B0055B872 /* Player.swift */; };
		128DC5FA235A109D0055B872 /* Score.swift in Sources */ = {isa = PBXBuildFile; fileRef = 128DC5F9235A109D0055B872 /* Score.swift */; };
		128DC5FC235A25820055B872 /* ScorecardListing.swift in Sources */ = {isa = PBXBuildFile; fileRef = 128DC5FB235A25820055B872 /* ScorecardListing.swift */; };
		128DC5FE235ABC840055B872 /* PostRequest.swift in Sources */ = {isa = PBXBuildFile; fileRef = 128DC5FD235ABC840055B872 /* PostRequest.swift */; };
		12B4D234235947D70025DFFD /* AppDelegate.swift in Sources */ = {isa = PBXBuildFile; fileRef = 12B4D233235947D70025DFFD /* AppDelegate.swift */; };
		12B4D236235947D70025DFFD /* SceneDelegate.swift in Sources */ = {isa = PBXBuildFile; fileRef = 12B4D235235947D70025DFFD /* SceneDelegate.swift */; };
		12B4D238235947D70025DFFD /* ListViewController.swift in Sources */ = {isa = PBXBuildFile; fileRef = 12B4D237235947D70025DFFD /* ListViewController.swift */; };
		12B4D23B235947D70025DFFD /* Main.storyboard in Resources */ = {isa = PBXBuildFile; fileRef = 12B4D239235947D70025DFFD /* Main.storyboard */; };
		12B4D23D235947D70025DFFD /* Assets.xcassets in Resources */ = {isa = PBXBuildFile; fileRef = 12B4D23C235947D70025DFFD /* Assets.xcassets */; };
		12B4D240235947D70025DFFD /* LaunchScreen.storyboard in Resources */ = {isa = PBXBuildFile; fileRef = 12B4D23E235947D70025DFFD /* LaunchScreen.storyboard */; };
		12B4D24823594A820025DFFD /* Scorecard.swift in Sources */ = {isa = PBXBuildFile; fileRef = 12B4D24723594A820025DFFD /* Scorecard.swift */; };
		12B4D24A23594B4C0025DFFD /* ScorecardTableViewCell.swift in Sources */ = {isa = PBXBuildFile; fileRef = 12B4D24923594B4C0025DFFD /* ScorecardTableViewCell.swift */; };
		12EA176C23611B0F00EEEDC4 /* CreateGameController.swift in Sources */ = {isa = PBXBuildFile; fileRef = 12EA176B23611B0F00EEEDC4 /* CreateGameController.swift */; };
/* End PBXBuildFile section */

/* Begin PBXFileReference section */
		121D9276235E4BDB006889E4 /* ScoreCell.swift */ = {isa = PBXFileReference; lastKnownFileType = sourcecode.swift; path = ScoreCell.swift; sourceTree = "<group>"; };
		121D927A235E4C4D006889E4 /* ScorecardController.swift */ = {isa = PBXFileReference; lastKnownFileType = sourcecode.swift; path = ScorecardController.swift; sourceTree = "<group>"; };
		1258A1B923664264003FF88C /* Course.swift */ = {isa = PBXFileReference; lastKnownFileType = sourcecode.swift; path = Course.swift; sourceTree = "<group>"; };
		1282E9972429163E003E33F1 /* LeaderboardsListController.swift */ = {isa = PBXFileReference; lastKnownFileType = sourcecode.swift; path = LeaderboardsListController.swift; sourceTree = "<group>"; };
		1282E999242917A1003E33F1 /* LeaderboardListing.swift */ = {isa = PBXFileReference; lastKnownFileType = sourcecode.swift; path = LeaderboardListing.swift; sourceTree = "<group>"; };
		1282E99B242918C4003E33F1 /* LeaderboardEntry.swift */ = {isa = PBXFileReference; lastKnownFileType = sourcecode.swift; path = LeaderboardEntry.swift; sourceTree = "<group>"; };
		1282E99D24293913003E33F1 /* LeaderboardTableViewCell.swift */ = {isa = PBXFileReference; lastKnownFileType = sourcecode.swift; path = LeaderboardTableViewCell.swift; sourceTree = "<group>"; };
		1282E99F24293F0A003E33F1 /* LeaderboardListingTableViewCell.swift */ = {isa = PBXFileReference; lastKnownFileType = sourcecode.swift; path = LeaderboardListingTableViewCell.swift; sourceTree = "<group>"; };
		1282E9A12429403D003E33F1 /* LeaderboardDetailController.swift */ = {isa = PBXFileReference; lastKnownFileType = sourcecode.swift; path = LeaderboardDetailController.swift; sourceTree = "<group>"; };
		128DC5F7235A0F2B0055B872 /* Player.swift */ = {isa = PBXFileReference; lastKnownFileType = sourcecode.swift; path = Player.swift; sourceTree = "<group>"; };
		128DC5F9235A109D0055B872 /* Score.swift */ = {isa = PBXFileReference; lastKnownFileType = sourcecode.swift; path = Score.swift; sourceTree = "<group>"; };
		128DC5FB235A25820055B872 /* ScorecardListing.swift */ = {isa = PBXFileReference; lastKnownFileType = sourcecode.swift; path = ScorecardListing.swift; sourceTree = "<group>"; };
		128DC5FD235ABC840055B872 /* PostRequest.swift */ = {isa = PBXFileReference; lastKnownFileType = sourcecode.swift; path = PostRequest.swift; sourceTree = "<group>"; };
		12B4D230235947D70025DFFD /* Scorecards.app */ = {isa = PBXFileReference; explicitFileType = wrapper.application; includeInIndex = 0; path = Scorecards.app; sourceTree = BUILT_PRODUCTS_DIR; };
		12B4D233235947D70025DFFD /* AppDelegate.swift */ = {isa = PBXFileReference; lastKnownFileType = sourcecode.swift; path = AppDelegate.swift; sourceTree = "<group>"; };
		12B4D235235947D70025DFFD /* SceneDelegate.swift */ = {isa = PBXFileReference; lastKnownFileType = sourcecode.swift; path = SceneDelegate.swift; sourceTree = "<group>"; };
		12B4D237235947D70025DFFD /* ListViewController.swift */ = {isa = PBXFileReference; lastKnownFileType = sourcecode.swift; path = ListViewController.swift; sourceTree = "<group>"; };
		12B4D23A235947D70025DFFD /* Base */ = {isa = PBXFileReference; lastKnownFileType = file.storyboard; name = Base; path = Base.lproj/Main.storyboard; sourceTree = "<group>"; };
		12B4D23C235947D70025DFFD /* Assets.xcassets */ = {isa = PBXFileReference; lastKnownFileType = folder.assetcatalog; path = Assets.xcassets; sourceTree = "<group>"; };
		12B4D23F235947D70025DFFD /* Base */ = {isa = PBXFileReference; lastKnownFileType = file.storyboard; name = Base; path = Base.lproj/LaunchScreen.storyboard; sourceTree = "<group>"; };
		12B4D241235947D80025DFFD /* Info.plist */ = {isa = PBXFileReference; lastKnownFileType = text.plist.xml; path = Info.plist; sourceTree = "<group>"; };
		12B4D24723594A820025DFFD /* Scorecard.swift */ = {isa = PBXFileReference; lastKnownFileType = sourcecode.swift; path = Scorecard.swift; sourceTree = "<group>"; };
		12B4D24923594B4C0025DFFD /* ScorecardTableViewCell.swift */ = {isa = PBXFileReference; lastKnownFileType = sourcecode.swift; path = ScorecardTableViewCell.swift; sourceTree = "<group>"; };
		12EA176B23611B0F00EEEDC4 /* CreateGameController.swift */ = {isa = PBXFileReference; lastKnownFileType = sourcecode.swift; path = CreateGameController.swift; sourceTree = "<group>"; };
/* End PBXFileReference section */

/* Begin PBXFrameworksBuildPhase section */
		12B4D22D235947D70025DFFD /* Frameworks */ = {
			isa = PBXFrameworksBuildPhase;
			buildActionMask = 2147483647;
			files = (
			);
			runOnlyForDeploymentPostprocessing = 0;
		};
/* End PBXFrameworksBuildPhase section */

/* Begin PBXGroup section */
		12B4D227235947D70025DFFD = {
			isa = PBXGroup;
			children = (
				12B4D232235947D70025DFFD /* Scorecards */,
				12B4D231235947D70025DFFD /* Products */,
			);
			sourceTree = "<group>";
		};
		12B4D231235947D70025DFFD /* Products */ = {
			isa = PBXGroup;
			children = (
				12B4D230235947D70025DFFD /* Scorecards.app */,
			);
			name = Products;
			sourceTree = "<group>";
		};
		12B4D232235947D70025DFFD /* Scorecards */ = {
			isa = PBXGroup;
			children = (
				121D927A235E4C4D006889E4 /* ScorecardController.swift */,
				12EA176B23611B0F00EEEDC4 /* CreateGameController.swift */,
				121D9276235E4BDB006889E4 /* ScoreCell.swift */,
				12B4D233235947D70025DFFD /* AppDelegate.swift */,
				12B4D235235947D70025DFFD /* SceneDelegate.swift */,
				12B4D237235947D70025DFFD /* ListViewController.swift */,
				128DC5FD235ABC840055B872 /* PostRequest.swift */,
				12B4D24923594B4C0025DFFD /* ScorecardTableViewCell.swift */,
				1282E99D24293913003E33F1 /* LeaderboardTableViewCell.swift */,
				1282E99F24293F0A003E33F1 /* LeaderboardListingTableViewCell.swift */,
				12B4D24723594A820025DFFD /* Scorecard.swift */,
				128DC5FB235A25820055B872 /* ScorecardListing.swift */,
				1282E999242917A1003E33F1 /* LeaderboardListing.swift */,
				1282E99B242918C4003E33F1 /* LeaderboardEntry.swift */,
				1258A1B923664264003FF88C /* Course.swift */,
				128DC5F9235A109D0055B872 /* Score.swift */,
				128DC5F7235A0F2B0055B872 /* Player.swift */,
				12B4D239235947D70025DFFD /* Main.storyboard */,
				1282E9972429163E003E33F1 /* LeaderboardsListController.swift */,
				1282E9A12429403D003E33F1 /* LeaderboardDetailController.swift */,
				12B4D23C235947D70025DFFD /* Assets.xcassets */,
				12B4D23E235947D70025DFFD /* LaunchScreen.storyboard */,
				12B4D241235947D80025DFFD /* Info.plist */,
			);
			path = Scorecards;
			sourceTree = "<group>";
		};
/* End PBXGroup section */

/* Begin PBXNativeTarget section */
		12B4D22F235947D70025DFFD /* Scorecards */ = {
			isa = PBXNativeTarget;
			buildConfigurationList = 12B4D244235947D80025DFFD /* Build configuration list for PBXNativeTarget "Scorecards" */;
			buildPhases = (
				12B4D22C235947D70025DFFD /* Sources */,
				12B4D22D235947D70025DFFD /* Frameworks */,
				12B4D22E235947D70025DFFD /* Resources */,
			);
			buildRules = (
			);
			dependencies = (
			);
			name = Scorecards;
			productName = Scorecards;
			productReference = 12B4D230235947D70025DFFD /* Scorecards.app */;
			productType = "com.apple.product-type.application";
		};
/* End PBXNativeTarget section */

/* Begin PBXProject section */
		12B4D228235947D70025DFFD /* Project object */ = {
			isa = PBXProject;
			attributes = {
				LastSwiftUpdateCheck = 1110;
				LastUpgradeCheck = 1110;
				ORGANIZATIONNAME = "Joey Lemon";
				TargetAttributes = {
					12B4D22F235947D70025DFFD = {
						CreatedOnToolsVersion = 11.1;
					};
				};
			};
			buildConfigurationList = 12B4D22B235947D70025DFFD /* Build configuration list for PBXProject "Scorecards" */;
			compatibilityVersion = "Xcode 9.3";
			developmentRegion = en;
			hasScannedForEncodings = 0;
			knownRegions = (
				en,
				Base,
			);
			mainGroup = 12B4D227235947D70025DFFD;
			productRefGroup = 12B4D231235947D70025DFFD /* Products */;
			projectDirPath = "";
			projectRoot = "";
			targets = (
				12B4D22F235947D70025DFFD /* Scorecards */,
			);
		};
/* End PBXProject section */

/* Begin PBXResourcesBuildPhase section */
		12B4D22E235947D70025DFFD /* Resources */ = {
			isa = PBXResourcesBuildPhase;
			buildActionMask = 2147483647;
			files = (
				12B4D240235947D70025DFFD /* LaunchScreen.storyboard in Resources */,
				12B4D23D235947D70025DFFD /* Assets.xcassets in Resources */,
				12B4D23B235947D70025DFFD /* Main.storyboard in Resources */,
			);
			runOnlyForDeploymentPostprocessing = 0;
		};
/* End PBXResourcesBuildPhase section */

/* Begin PBXSourcesBuildPhase section */
		12B4D22C235947D70025DFFD /* Sources */ = {
			isa = PBXSourcesBuildPhase;
			buildActionMask = 2147483647;
			files = (
				1282E9982429163E003E33F1 /* LeaderboardsListController.swift in Sources */,
				1258A1BA23664264003FF88C /* Course.swift in Sources */,
				121D927B235E4C4D006889E4 /* ScorecardController.swift in Sources */,
				12B4D24823594A820025DFFD /* Scorecard.swift in Sources */,
				128DC5FE235ABC840055B872 /* PostRequest.swift in Sources */,
				1282E99E24293913003E33F1 /* LeaderboardTableViewCell.swift in Sources */,
				12B4D238235947D70025DFFD /* ListViewController.swift in Sources */,
				128DC5FC235A25820055B872 /* ScorecardListing.swift in Sources */,
				1282E9A024293F0A003E33F1 /* LeaderboardListingTableViewCell.swift in Sources */,
				121D9277235E4BDB006889E4 /* ScoreCell.swift in Sources */,
				1282E9A22429403D003E33F1 /* LeaderboardDetailController.swift in Sources */,
				1282E99C242918C4003E33F1 /* LeaderboardEntry.swift in Sources */,
				128DC5FA235A109D0055B872 /* Score.swift in Sources */,
				12B4D234235947D70025DFFD /* AppDelegate.swift in Sources */,
				12B4D24A23594B4C0025DFFD /* ScorecardTableViewCell.swift in Sources */,
				1282E99A242917A1003E33F1 /* LeaderboardListing.swift in Sources */,
				128DC5F8235A0F2B0055B872 /* Player.swift in Sources */,
				12B4D236235947D70025DFFD /* SceneDelegate.swift in Sources */,
				12EA176C23611B0F00EEEDC4 /* CreateGameController.swift in Sources */,
			);
			runOnlyForDeploymentPostprocessing = 0;
		};
/* End PBXSourcesBuildPhase section */

/* Begin PBXVariantGroup section */
		12B4D239235947D70025DFFD /* Main.storyboard */ = {
			isa = PBXVariantGroup;
			children = (
				12B4D23A235947D70025DFFD /* Base */,
			);
			name = Main.storyboard;
			sourceTree = "<group>";
		};
		12B4D23E235947D70025DFFD /* LaunchScreen.storyboard */ = {
			isa = PBXVariantGroup;
			children = (
				12B4D23F235947D70025DFFD /* Base */,
			);
			name = LaunchScreen.storyboard;
			sourceTree = "<group>";
		};
/* End PBXVariantGroup section */

/* Begin XCBuildConfiguration section */
		12B4D242235947D80025DFFD /* Debug */ = {
			isa = XCBuildConfiguration;
			buildSettings = {
				ALWAYS_SEARCH_USER_PATHS = NO;
				CLANG_ANALYZER_NONNULL = YES;
				CLANG_ANALYZER_NUMBER_OBJECT_CONVERSION = YES_AGGRESSIVE;
				CLANG_CXX_LANGUAGE_STANDARD = "gnu++14";
				CLANG_CXX_LIBRARY = "libc++";
				CLANG_ENABLE_MODULES = YES;
				CLANG_ENABLE_OBJC_ARC = YES;
				CLANG_ENABLE_OBJC_WEAK = YES;
				CLANG_WARN_BLOCK_CAPTURE_AUTORELEASING = YES;
				CLANG_WARN_BOOL_CONVERSION = YES;
				CLANG_WARN_COMMA = YES;
				CLANG_WARN_CONSTANT_CONVERSION = YES;
				CLANG_WARN_DEPRECATED_OBJC_IMPLEMENTATIONS = YES;
				CLANG_WARN_DIRECT_OBJC_ISA_USAGE = YES_ERROR;
				CLANG_WARN_DOCUMENTATION_COMMENTS = YES;
				CLANG_WARN_EMPTY_BODY = YES;
				CLANG_WARN_ENUM_CONVERSION = YES;
				CLANG_WARN_INFINITE_RECURSION = YES;
				CLANG_WARN_INT_CONVERSION = YES;
				CLANG_WARN_NON_LITERAL_NULL_CONVERSION = YES;
				CLANG_WARN_OBJC_IMPLICIT_RETAIN_SELF = YES;
				CLANG_WARN_OBJC_LITERAL_CONVERSION = YES;
				CLANG_WARN_OBJC_ROOT_CLASS = YES_ERROR;
				CLANG_WARN_RANGE_LOOP_ANALYSIS = YES;
				CLANG_WARN_STRICT_PROTOTYPES = YES;
				CLANG_WARN_SUSPICIOUS_MOVE = YES;
				CLANG_WARN_UNGUARDED_AVAILABILITY = YES_AGGRESSIVE;
				CLANG_WARN_UNREACHABLE_CODE = YES;
				CLANG_WARN__DUPLICATE_METHOD_MATCH = YES;
				COPY_PHASE_STRIP = NO;
				DEBUG_INFORMATION_FORMAT = dwarf;
				ENABLE_STRICT_OBJC_MSGSEND = YES;
				ENABLE_TESTABILITY = YES;
				GCC_C_LANGUAGE_STANDARD = gnu11;
				GCC_DYNAMIC_NO_PIC = NO;
				GCC_NO_COMMON_BLOCKS = YES;
				GCC_OPTIMIZATION_LEVEL = 0;
				GCC_PREPROCESSOR_DEFINITIONS = (
					"DEBUG=1",
					"$(inherited)",
				);
				GCC_WARN_64_TO_32_BIT_CONVERSION = YES;
				GCC_WARN_ABOUT_RETURN_TYPE = YES_ERROR;
				GCC_WARN_UNDECLARED_SELECTOR = YES;
				GCC_WARN_UNINITIALIZED_AUTOS = YES_AGGRESSIVE;
				GCC_WARN_UNUSED_FUNCTION = YES;
				GCC_WARN_UNUSED_VARIABLE = YES;
				IPHONEOS_DEPLOYMENT_TARGET = 13.1;
				MTL_ENABLE_DEBUG_INFO = INCLUDE_SOURCE;
				MTL_FAST_MATH = YES;
				ONLY_ACTIVE_ARCH = YES;
				SDKROOT = iphoneos;
				SWIFT_ACTIVE_COMPILATION_CONDITIONS = DEBUG;
				SWIFT_OPTIMIZATION_LEVEL = "-Onone";
			};
			name = Debug;
		};
		12B4D243235947D80025DFFD /* Release */ = {
			isa = XCBuildConfiguration;
			buildSettings = {
				ALWAYS_SEARCH_USER_PATHS = NO;
				CLANG_ANALYZER_NONNULL = YES;
				CLANG_ANALYZER_NUMBER_OBJECT_CONVERSION = YES_AGGRESSIVE;
				CLANG_CXX_LANGUAGE_STANDARD = "gnu++14";
				CLANG_CXX_LIBRARY = "libc++";
				CLANG_ENABLE_MODULES = YES;
				CLANG_ENABLE_OBJC_ARC = YES;
				CLANG_ENABLE_OBJC_WEAK = YES;
				CLANG_WARN_BLOCK_CAPTURE_AUTORELEASING = YES;
				CLANG_WARN_BOOL_CONVERSION = YES;
				CLANG_WARN_COMMA = YES;
				CLANG_WARN_CONSTANT_CONVERSION = YES;
				CLANG_WARN_DEPRECATED_OBJC_IMPLEMENTATIONS = YES;
				CLANG_WARN_DIRECT_OBJC_ISA_USAGE = YES_ERROR;
				CLANG_WARN_DOCUMENTATION_COMMENTS = YES;
				CLANG_WARN_EMPTY_BODY = YES;
				CLANG_WARN_ENUM_CONVERSION = YES;
				CLANG_WARN_INFINITE_RECURSION = YES;
				CLANG_WARN_INT_CONVERSION = YES;
				CLANG_WARN_NON_LITERAL_NULL_CONVERSION = YES;
				CLANG_WARN_OBJC_IMPLICIT_RETAIN_SELF = YES;
				CLANG_WARN_OBJC_LITERAL_CONVERSION = YES;
				CLANG_WARN_OBJC_ROOT_CLASS = YES_ERROR;
				CLANG_WARN_RANGE_LOOP_ANALYSIS = YES;
				CLANG_WARN_STRICT_PROTOTYPES = YES;
				CLANG_WARN_SUSPICIOUS_MOVE = YES;
				CLANG_WARN_UNGUARDED_AVAILABILITY = YES_AGGRESSIVE;
				CLANG_WARN_UNREACHABLE_CODE = YES;
				CLANG_WARN__DUPLICATE_METHOD_MATCH = YES;
				COPY_PHASE_STRIP = NO;
				DEBUG_INFORMATION_FORMAT = "dwarf-with-dsym";
				ENABLE_NS_ASSERTIONS = NO;
				ENABLE_STRICT_OBJC_MSGSEND = YES;
				GCC_C_LANGUAGE_STANDARD = gnu11;
				GCC_NO_COMMON_BLOCKS = YES;
				GCC_WARN_64_TO_32_BIT_CONVERSION = YES;
				GCC_WARN_ABOUT_RETURN_TYPE = YES_ERROR;
				GCC_WARN_UNDECLARED_SELECTOR = YES;
				GCC_WARN_UNINITIALIZED_AUTOS = YES_AGGRESSIVE;
				GCC_WARN_UNUSED_FUNCTION = YES;
				GCC_WARN_UNUSED_VARIABLE = YES;
				IPHONEOS_DEPLOYMENT_TARGET = 13.1;
				MTL_ENABLE_DEBUG_INFO = NO;
				MTL_FAST_MATH = YES;
				SDKROOT = iphoneos;
				SWIFT_COMPILATION_MODE = wholemodule;
				SWIFT_OPTIMIZATION_LEVEL = "-O";
				VALIDATE_PRODUCT = YES;
			};
			name = Release;
		};
		12B4D245235947D80025DFFD /* Debug */ = {
			isa = XCBuildConfiguration;
			buildSettings = {
				ASSETCATALOG_COMPILER_APPICON_NAME = AppIcon;
				CODE_SIGN_STYLE = Automatic;
				DEVELOPMENT_TEAM = V42DSEQNLR;
				INFOPLIST_FILE = Scorecards/Info.plist;
				LD_RUNPATH_SEARCH_PATHS = (
					"$(inherited)",
					"@executable_path/Frameworks",
				);
				PRODUCT_BUNDLE_IDENTIFIER = org.jlemon.Scorecards;
				PRODUCT_NAME = "$(TARGET_NAME)";
				SWIFT_VERSION = 5.0;
				TARGETED_DEVICE_FAMILY = "1,2";
			};
			name = Debug;
		};
		12B4D246235947D80025DFFD /* Release */ = {
			isa = XCBuildConfiguration;
			buildSettings = {
				ASSETCATALOG_COMPILER_APPICON_NAME = AppIcon;
				CODE_SIGN_STYLE = Automatic;
				DEVELOPMENT_TEAM = V42DSEQNLR;
				INFOPLIST_FILE = Scorecards/Info.plist;
				LD_RUNPATH_SEARCH_PATHS = (
					"$(inherited)",
					"@executable_path/Frameworks",
				);
				PRODUCT_BUNDLE_IDENTIFIER = org.jlemon.Scorecards;
				PRODUCT_NAME = "$(TARGET_NAME)";
				SWIFT_VERSION = 5.0;
				TARGETED_DEVICE_FAMILY = "1,2";
			};
			name = Release;
		};
/* End XCBuildConfiguration section */

/* Begin XCConfigurationList section */
		12B4D22B235947D70025DFFD /* Build configuration list for PBXProject "Scorecards" */ = {
			isa = XCConfigurationList;
			buildConfigurations = (
				12B4D242235947D80025DFFD /* Debug */,
				12B4D243235947D80025DFFD /* Release */,
			);
			defaultConfigurationIsVisible = 0;
			defaultConfigurationName = Release;
		};
		12B4D244235947D80025DFFD /* Build configuration list for PBXNativeTarget "Scorecards" */ = {
			isa = XCConfigurationList;
			buildConfigurations = (
				12B4D245235947D80025DFFD /* Debug */,
				12B4D246235947D80025DFFD /* Release */,
			);
			defaultConfigurationIsVisible = 0;
			defaultConfigurationName = Release;
		};
/* End XCConfigurationList section */
	};
	rootObject = 12B4D228235947D70025DFFD /* Project object */;
}
